
Microsoft Visual Studio Solution File, Format Version 12.00
# Visual Studio Version 17
VisualStudioVersion = 17.4.33213.308
MinimumVisualStudioVersion = 10.0.40219.1
Project("{2150E333-8FDC-42A3-9474-1A3956D46DE8}") = "src", "src", "{F5182F1E-2D53-40DA-9693-AD9C8D6FA4B5}"
EndProject
Project("{2150E333-8FDC-42A3-9474-1A3956D46DE8}") = "test", "test", "{CDEBC7DE-1E70-4959-BF4E-35BB170047D7}"
EndProject
Project("{2150E333-8FDC-42A3-9474-1A3956D46DE8}") = "Solution Items", "Solution Items", "{14BF4ABE-574A-4463-B518-522E0CA78BC3}"
	ProjectSection(SolutionItems) = preProject
		.editorconfig = .editorconfig
		.gitignore = .gitignore
		Directory.Build.props = Directory.Build.props
		Dockerfile = Dockerfile
	EndProjectSection
EndProject
Project("{9A19103F-16F7-4668-BE54-9A1E7A4F7556}") = "User.Service.API", "src\User.Service.API\User.Service.API.csproj", "{35681A51-6134-4597-93D3-10BEB247B858}"
EndProject
Project("{9A19103F-16F7-4668-BE54-9A1E7A4F7556}") = "User.Service.API.Tests", "test\User.Service.API.Tests\User.Service.API.Tests.csproj", "{ACC9DBBE-1236-4F38-8F2A-8440BA40BB07}"
EndProject
Project("{FAE04EC0-301F-11D3-BF4B-00C04F79EFBC}") = "User.Service.Application", "src\User.Service.Application\User.Service.Application.csproj", "{EBA365C3-124C-DEDD-B58F-A382B56948FA}"
EndProject
Project("{FAE04EC0-301F-11D3-BF4B-00C04F79EFBC}") = "User.Service.Domain", "src\User.Service.Domain\User.Service.Domain.csproj", "{03A136B1-02F3-8F35-E072-7834FE0CDCE6}"
EndProject
Project("{FAE04EC0-301F-11D3-BF4B-00C04F79EFBC}") = "User.Service.Infrastructure", "src\User.Service.Infrastructure\User.Service.Infrastructure.csproj", "{278EC9B4-808A-E5A2-B7D3-ED21891302B3}"
EndProject
Project("{FAE04EC0-301F-11D3-BF4B-00C04F79EFBC}") = "User.Service.Application.Tests", "test\User.Service.Application.Tests\User.Service.Application.Tests.csproj", "{AB3AD7A1-55D8-9472-838E-5EFF8189034D}"
EndProject
Project("{FAE04EC0-301F-11D3-BF4B-00C04F79EFBC}") = "User.Service.Domain.Tests", "test\User.Service.Domain.Tests\User.Service.Domain.Tests.csproj", "{9312624E-7E34-3A3F-DBDD-B6094030ED2C}"
EndProject
Project("{FAE04EC0-301F-11D3-BF4B-00C04F79EFBC}") = "User.Service.Infrastructure.Tests", "test\User.Service.Infrastructure.Tests\User.Service.Infrastructure.Tests.csproj", "{A3101322-AA4A-F804-C94E-EA2F81420E9F}"
EndProject
Global
	GlobalSection(SolutionConfigurationPlatforms) = preSolution
		Debug|Any CPU = Debug|Any CPU
		Release|Any CPU = Release|Any CPU
	EndGlobalSection
	GlobalSection(ProjectConfigurationPlatforms) = postSolution
		{35681A51-6134-4597-93D3-10BEB247B858}.Debug|Any CPU.ActiveCfg = Debug|Any CPU
		{35681A51-6134-4597-93D3-10BEB247B858}.Debug|Any CPU.Build.0 = Debug|Any CPU
		{35681A51-6134-4597-93D3-10BEB247B858}.Release|Any CPU.ActiveCfg = Release|Any CPU
		{35681A51-6134-4597-93D3-10BEB247B858}.Release|Any CPU.Build.0 = Release|Any CPU
		{ACC9DBBE-1236-4F38-8F2A-8440BA40BB07}.Debug|Any CPU.ActiveCfg = Debug|Any CPU
		{ACC9DBBE-1236-4F38-8F2A-8440BA40BB07}.Debug|Any CPU.Build.0 = Debug|Any CPU
		{ACC9DBBE-1236-4F38-8F2A-8440BA40BB07}.Release|Any CPU.ActiveCfg = Release|Any CPU
		{ACC9DBBE-1236-4F38-8F2A-8440BA40BB07}.Release|Any CPU.Build.0 = Release|Any CPU
		{EBA365C3-124C-DEDD-B58F-A382B56948FA}.Debug|Any CPU.ActiveCfg = Debug|Any CPU
		{EBA365C3-124C-DEDD-B58F-A382B56948FA}.Debug|Any CPU.Build.0 = Debug|Any CPU
		{EBA365C3-124C-DEDD-B58F-A382B56948FA}.Release|Any CPU.ActiveCfg = Release|Any CPU
		{EBA365C3-124C-DEDD-B58F-A382B56948FA}.Release|Any CPU.Build.0 = Release|Any CPU
		{03A136B1-02F3-8F35-E072-7834FE0CDCE6}.Debug|Any CPU.ActiveCfg = Debug|Any CPU
		{03A136B1-02F3-8F35-E072-7834FE0CDCE6}.Debug|Any CPU.Build.0 = Debug|Any CPU
		{03A136B1-02F3-8F35-E072-7834FE0CDCE6}.Release|Any CPU.ActiveCfg = Release|Any CPU
		{03A136B1-02F3-8F35-E072-7834FE0CDCE6}.Release|Any CPU.Build.0 = Release|Any CPU
		{278EC9B4-808A-E5A2-B7D3-ED21891302B3}.Debug|Any CPU.ActiveCfg = Debug|Any CPU
		{278EC9B4-808A-E5A2-B7D3-ED21891302B3}.Debug|Any CPU.Build.0 = Debug|Any CPU
		{278EC9B4-808A-E5A2-B7D3-ED21891302B3}.Release|Any CPU.ActiveCfg = Release|Any CPU
		{278EC9B4-808A-E5A2-B7D3-ED21891302B3}.Release|Any CPU.Build.0 = Release|Any CPU
		{AB3AD7A1-55D8-9472-838E-5EFF8189034D}.Debug|Any CPU.ActiveCfg = Debug|Any CPU
		{AB3AD7A1-55D8-9472-838E-5EFF8189034D}.Debug|Any CPU.Build.0 = Debug|Any CPU
		{AB3AD7A1-55D8-9472-838E-5EFF8189034D}.Release|Any CPU.ActiveCfg = Release|Any CPU
		{AB3AD7A1-55D8-9472-838E-5EFF8189034D}.Release|Any CPU.Build.0 = Release|Any CPU
		{9312624E-7E34-3A3F-DBDD-B6094030ED2C}.Debug|Any CPU.ActiveCfg = Debug|Any CPU
		{9312624E-7E34-3A3F-DBDD-B6094030ED2C}.Debug|Any CPU.Build.0 = Debug|Any CPU
		{9312624E-7E34-3A3F-DBDD-B6094030ED2C}.Release|Any CPU.ActiveCfg = Release|Any CPU
		{9312624E-7E34-3A3F-DBDD-B6094030ED2C}.Release|Any CPU.Build.0 = Release|Any CPU
		{A3101322-AA4A-F804-C94E-EA2F81420E9F}.Debug|Any CPU.ActiveCfg = Debug|Any CPU
		{A3101322-AA4A-F804-C94E-EA2F81420E9F}.Debug|Any CPU.Build.0 = Debug|Any CPU
		{A3101322-AA4A-F804-C94E-EA2F81420E9F}.Release|Any CPU.ActiveCfg = Release|Any CPU
		{A3101322-AA4A-F804-C94E-EA2F81420E9F}.Release|Any CPU.Build.0 = Release|Any CPU
	EndGlobalSection
	GlobalSection(SolutionProperties) = preSolution
		HideSolutionNode = FALSE
	EndGlobalSection
	GlobalSection(NestedProjects) = preSolution
		{35681A51-6134-4597-93D3-10BEB247B858} = {F5182F1E-2D53-40DA-9693-AD9C8D6FA4B5}
		{ACC9DBBE-1236-4F38-8F2A-8440BA40BB07} = {CDEBC7DE-1E70-4959-BF4E-35BB170047D7}
		{EBA365C3-124C-DEDD-B58F-A382B56948FA} = {F5182F1E-2D53-40DA-9693-AD9C8D6FA4B5}
		{03A136B1-02F3-8F35-E072-7834FE0CDCE6} = {F5182F1E-2D53-40DA-9693-AD9C8D6FA4B5}
		{278EC9B4-808A-E5A2-B7D3-ED21891302B3} = {F5182F1E-2D53-40DA-9693-AD9C8D6FA4B5}
		{AB3AD7A1-55D8-9472-838E-5EFF8189034D} = {CDEBC7DE-1E70-4959-BF4E-35BB170047D7}
		{9312624E-7E34-3A3F-DBDD-B6094030ED2C} = {CDEBC7DE-1E70-4959-BF4E-35BB170047D7}
		{A3101322-AA4A-F804-C94E-EA2F81420E9F} = {CDEBC7DE-1E70-4959-BF4E-35BB170047D7}
	EndGlobalSection
	GlobalSection(ExtensibilityGlobals) = postSolution
		SolutionGuid = {799E95C8-1233-4FC4-B238-9ECEAAADF916}
	EndGlobalSection
EndGlobal
